
Microsoft Visual Studio Solution File, Format Version 12.00
# Visual Studio Version 17
VisualStudioVersion = 17.4.33103.184
MinimumVisualStudioVersion = 10.0.40219.1
Project("{FAE04EC0-301F-11D3-BF4B-00C04F79EFBC}") = "NZWalks.API", "NZWalks.API\NZWalks.API.csproj", "{3CA9672F-3078-46C1-8FB5-FAD53DC8B911}"
EndProject
Global
	GlobalSection(SolutionConfigurationPlatforms) = preSolution
		Debug|Any CPU = Debug|Any CPU
		Release|Any CPU = Release|Any CPU
	EndGlobalSection
	GlobalSection(ProjectConfigurationPlatforms) = postSolution
		{3CA9672F-3078-46C1-8FB5-FAD53DC8B911}.Debug|Any CPU.ActiveCfg = Debug|Any CPU
		{3CA9672F-3078-46C1-8FB5-FAD53DC8B911}.Debug|Any CPU.Build.0 = Debug|Any CPU
		{3CA9672F-3078-46C1-8FB5-FAD53DC8B911}.Release|Any CPU.ActiveCfg = Release|Any CPU
		{3CA9672F-3078-46C1-8FB5-FAD53DC8B911}.Release|Any CPU.Build.0 = Release|Any CPU
	EndGlobalSection
	GlobalSection(SolutionProperties) = preSolution
		HideSolutionNode = FALSE
	EndGlobalSection
	GlobalSection(ExtensibilityGlobals) = postSolution
		SolutionGuid = {75B91AD1-899F-4910-ADAF-3A65C12E9D3C}
	EndGlobalSection
EndGlobal
